// !$*UTF8*$!
{
	archiveVersion = 1;
	classes = {
	};
	objectVersion = 46;
	objects = {

/* Begin PBXBuildFile section */
		2488A8B81F735C03004B8060 /* main.m in Sources */ = {isa = PBXBuildFile; fileRef = 2488A8B71F735C03004B8060 /* main.m */; };
		2488A8BB1F735C03004B8060 /* AppDelegate.m in Sources */ = {isa = PBXBuildFile; fileRef = 2488A8BA1F735C03004B8060 /* AppDelegate.m */; };
		2488A8BE1F735C03004B8060 /* ViewController.m in Sources */ = {isa = PBXBuildFile; fileRef = 2488A8BD1F735C03004B8060 /* ViewController.m */; };
		2488A8C11F735C03004B8060 /* Main.storyboard in Resources */ = {isa = PBXBuildFile; fileRef = 2488A8BF1F735C03004B8060 /* Main.storyboard */; };
		2488A8C31F735C03004B8060 /* Assets.xcassets in Resources */ = {isa = PBXBuildFile; fileRef = 2488A8C21F735C03004B8060 /* Assets.xcassets */; };
		2488A8C61F735C03004B8060 /* LaunchScreen.storyboard in Resources */ = {isa = PBXBuildFile; fileRef = 2488A8C41F735C03004B8060 /* LaunchScreen.storyboard */; };
		2488A8D11F735C03004B8060 /* AroundClientTests.m in Sources */ = {isa = PBXBuildFile; fileRef = 2488A8D01F735C03004B8060 /* AroundClientTests.m */; };
		2488A8DC1F735C03004B8060 /* AroundClientUITests.m in Sources */ = {isa = PBXBuildFile; fileRef = 2488A8DB1F735C03004B8060 /* AroundClientUITests.m */; };
/* End PBXBuildFile section */

/* Begin PBXContainerItemProxy section */
		2488A8CD1F735C03004B8060 /* PBXContainerItemProxy */ = {
			isa = PBXContainerItemProxy;
			containerPortal = 2488A8AB1F735C03004B8060 /* Project object */;
			proxyType = 1;
			remoteGlobalIDString = 2488A8B21F735C03004B8060;
			remoteInfo = AroundClient;
		};
		2488A8D81F735C03004B8060 /* PBXContainerItemProxy */ = {
			isa = PBXContainerItemProxy;
			containerPortal = 2488A8AB1F735C03004B8060 /* Project object */;
			proxyType = 1;
			remoteGlobalIDString = 2488A8B21F735C03004B8060;
			remoteInfo = AroundClient;
		};
/* End PBXContainerItemProxy section */

/* Begin PBXFileReference section */
		2488A8B31F735C03004B8060 /* AroundClient.app */ = {isa = PBXFileReference; explicitFileType = wrapper.application; includeInIndex = 0; path = AroundClient.app; sourceTree = BUILT_PRODUCTS_DIR; };
		2488A8B71F735C03004B8060 /* main.m */ = {isa = PBXFileReference; lastKnownFileType = sourcecode.c.objc; path = main.m; sourceTree = "<group>"; };
		2488A8B91F735C03004B8060 /* AppDelegate.h */ = {isa = PBXFileReference; lastKnownFileType = sourcecode.c.h; path = AppDelegate.h; sourceTree = "<group>"; };
		2488A8BA1F735C03004B8060 /* AppDelegate.m */ = {isa = PBXFileReference; lastKnownFileType = sourcecode.c.objc; path = AppDelegate.m; sourceTree = "<group>"; };
		2488A8BC1F735C03004B8060 /* ViewController.h */ = {isa = PBXFileReference; lastKnownFileType = sourcecode.c.h; path = ViewController.h; sourceTree = "<group>"; };
		2488A8BD1F735C03004B8060 /* ViewController.m */ = {isa = PBXFileReference; lastKnownFileType = sourcecode.c.objc; path = ViewController.m; sourceTree = "<group>"; };
		2488A8C01F735C03004B8060 /* Base */ = {isa = PBXFileReference; lastKnownFileType = file.storyboard; name = Base; path = Base.lproj/Main.storyboard; sourceTree = "<group>"; };
		2488A8C21F735C03004B8060 /* Assets.xcassets */ = {isa = PBXFileReference; lastKnownFileType = folder.assetcatalog; path = Assets.xcassets; sourceTree = "<group>"; };
		2488A8C51F735C03004B8060 /* Base */ = {isa = PBXFileReference; lastKnownFileType = file.storyboard; name = Base; path = Base.lproj/LaunchScreen.storyboard; sourceTree = "<group>"; };
		2488A8C71F735C03004B8060 /* Info.plist */ = {isa = PBXFileReference; lastKnownFileType = text.plist.xml; path = Info.plist; sourceTree = "<group>"; };
		2488A8CC1F735C03004B8060 /* AroundClientTests.xctest */ = {isa = PBXFileReference; explicitFileType = wrapper.cfbundle; includeInIndex = 0; path = AroundClientTests.xctest; sourceTree = BUILT_PRODUCTS_DIR; };
		2488A8D01F735C03004B8060 /* AroundClientTests.m */ = {isa = PBXFileReference; lastKnownFileType = sourcecode.c.objc; path = AroundClientTests.m; sourceTree = "<group>"; };
		2488A8D21F735C03004B8060 /* Info.plist */ = {isa = PBXFileReference; lastKnownFileType = text.plist.xml; path = Info.plist; sourceTree = "<group>"; };
		2488A8D71F735C03004B8060 /* AroundClientUITests.xctest */ = {isa = PBXFileReference; explicitFileType = wrapper.cfbundle; includeInIndex = 0; path = AroundClientUITests.xctest; sourceTree = BUILT_PRODUCTS_DIR; };
		2488A8DB1F735C03004B8060 /* AroundClientUITests.m */ = {isa = PBXFileReference; lastKnownFileType = sourcecode.c.objc; path = AroundClientUITests.m; sourceTree = "<group>"; };
		2488A8DD1F735C03004B8060 /* Info.plist */ = {isa = PBXFileReference; lastKnownFileType = text.plist.xml; path = Info.plist; sourceTree = "<group>"; };
/* End PBXFileReference section */

/* Begin PBXFrameworksBuildPhase section */
		2488A8B01F735C03004B8060 /* Frameworks */ = {
			isa = PBXFrameworksBuildPhase;
			buildActionMask = 2147483647;
			files = (
			);
			runOnlyForDeploymentPostprocessing = 0;
		};
		2488A8C91F735C03004B8060 /* Frameworks */ = {
			isa = PBXFrameworksBuildPhase;
			buildActionMask = 2147483647;
			files = (
			);
			runOnlyForDeploymentPostprocessing = 0;
		};
		2488A8D41F735C03004B8060 /* Frameworks */ = {
			isa = PBXFrameworksBuildPhase;
			buildActionMask = 2147483647;
			files = (
			);
			runOnlyForDeploymentPostprocessing = 0;
		};
/* End PBXFrameworksBuildPhase section */

/* Begin PBXGroup section */
		2488A8AA1F735C03004B8060 = {
			isa = PBXGroup;
			children = (
				2488A8B51F735C03004B8060 /* AroundClient */,
				2488A8CF1F735C03004B8060 /* AroundClientTests */,
				2488A8DA1F735C03004B8060 /* AroundClientUITests */,
				2488A8B41F735C03004B8060 /* Products */,
			);
			sourceTree = "<group>";
		};
		2488A8B41F735C03004B8060 /* Products */ = {
			isa = PBXGroup;
			children = (
				2488A8B31F735C03004B8060 /* AroundClient.app */,
				2488A8CC1F735C03004B8060 /* AroundClientTests.xctest */,
				2488A8D71F735C03004B8060 /* AroundClientUITests.xctest */,
			);
			name = Products;
			sourceTree = "<group>";
		};
		2488A8B51F735C03004B8060 /* AroundClient */ = {
			isa = PBXGroup;
			children = (
				2488A8B91F735C03004B8060 /* AppDelegate.h */,
				2488A8BA1F735C03004B8060 /* AppDelegate.m */,
				2488A8BC1F735C03004B8060 /* ViewController.h */,
				2488A8BD1F735C03004B8060 /* ViewController.m */,
				2488A8BF1F735C03004B8060 /* Main.storyboard */,
				2488A8C21F735C03004B8060 /* Assets.xcassets */,
				2488A8C41F735C03004B8060 /* LaunchScreen.storyboard */,
				2488A8C71F735C03004B8060 /* Info.plist */,
				2488A8B61F735C03004B8060 /* Supporting Files */,
			);
			path = AroundClient;
			sourceTree = "<group>";
		};
		2488A8B61F735C03004B8060 /* Supporting Files */ = {
			isa = PBXGroup;
			children = (
				2488A8B71F735C03004B8060 /* main.m */,
			);
			name = "Supporting Files";
			sourceTree = "<group>";
		};
		2488A8CF1F735C03004B8060 /* AroundClientTests */ = {
			isa = PBXGroup;
			children = (
				2488A8D01F735C03004B8060 /* AroundClientTests.m */,
				2488A8D21F735C03004B8060 /* Info.plist */,
			);
			path = AroundClientTests;
			sourceTree = "<group>";
		};
		2488A8DA1F735C03004B8060 /* AroundClientUITests */ = {
			isa = PBXGroup;
			children = (
				2488A8DB1F735C03004B8060 /* AroundClientUITests.m */,
				2488A8DD1F735C03004B8060 /* Info.plist */,
			);
			path = AroundClientUITests;
			sourceTree = "<group>";
		};
/* End PBXGroup section */

/* Begin PBXNativeTarget section */
		2488A8B21F735C03004B8060 /* AroundClient */ = {
			isa = PBXNativeTarget;
			buildConfigurationList = 2488A8E01F735C03004B8060 /* Build configuration list for PBXNativeTarget "AroundClient" */;
			buildPhases = (
				2488A8AF1F735C03004B8060 /* Sources */,
				2488A8B01F735C03004B8060 /* Frameworks */,
				2488A8B11F735C03004B8060 /* Resources */,
			);
			buildRules = (
			);
			dependencies = (
			);
			name = AroundClient;
			productName = AroundClient;
			productReference = 2488A8B31F735C03004B8060 /* AroundClient.app */;
			productType = "com.apple.product-type.application";
		};
		2488A8CB1F735C03004B8060 /* AroundClientTests */ = {
			isa = PBXNativeTarget;
			buildConfigurationList = 2488A8E31F735C03004B8060 /* Build configuration list for PBXNativeTarget "AroundClientTests" */;
			buildPhases = (
				2488A8C81F735C03004B8060 /* Sources */,
				2488A8C91F735C03004B8060 /* Frameworks */,
				2488A8CA1F735C03004B8060 /* Resources */,
			);
			buildRules = (
			);
			dependencies = (
				2488A8CE1F735C03004B8060 /* PBXTargetDependency */,
			);
			name = AroundClientTests;
			productName = AroundClientTests;
			productReference = 2488A8CC1F735C03004B8060 /* AroundClientTests.xctest */;
			productType = "com.apple.product-type.bundle.unit-test";
		};
		2488A8D61F735C03004B8060 /* AroundClientUITests */ = {
			isa = PBXNativeTarget;
			buildConfigurationList = 2488A8E61F735C03004B8060 /* Build configuration list for PBXNativeTarget "AroundClientUITests" */;
			buildPhases = (
				2488A8D31F735C03004B8060 /* Sources */,
				2488A8D41F735C03004B8060 /* Frameworks */,
				2488A8D51F735C03004B8060 /* Resources */,
			);
			buildRules = (
			);
			dependencies = (
				2488A8D91F735C03004B8060 /* PBXTargetDependency */,
			);
			name = AroundClientUITests;
			productName = AroundClientUITests;
			productReference = 2488A8D71F735C03004B8060 /* AroundClientUITests.xctest */;
			productType = "com.apple.product-type.bundle.ui-testing";
		};
/* End PBXNativeTarget section */

/* Begin PBXProject section */
		2488A8AB1F735C03004B8060 /* Project object */ = {
			isa = PBXProject;
			attributes = {
				LastUpgradeCheck = 0830;
				ORGANIZATIONNAME = "Yikun Huang";
				TargetAttributes = {
					2488A8B21F735C03004B8060 = {
						CreatedOnToolsVersion = 8.3.3;
						DevelopmentTeam = NNZU9CWR77;
						ProvisioningStyle = Automatic;
					};
					2488A8CB1F735C03004B8060 = {
						CreatedOnToolsVersion = 8.3.3;
						DevelopmentTeam = NNZU9CWR77;
						ProvisioningStyle = Automatic;
						TestTargetID = 2488A8B21F735C03004B8060;
					};
					2488A8D61F735C03004B8060 = {
						CreatedOnToolsVersion = 8.3.3;
						DevelopmentTeam = NNZU9CWR77;
						ProvisioningStyle = Automatic;
						TestTargetID = 2488A8B21F735C03004B8060;
					};
				};
			};
			buildConfigurationList = 2488A8AE1F735C03004B8060 /* Build configuration list for PBXProject "AroundClient" */;
			compatibilityVersion = "Xcode 3.2";
			developmentRegion = English;
			hasScannedForEncodings = 0;
			knownRegions = (
				en,
				Base,
			);
			mainGroup = 2488A8AA1F735C03004B8060;
			productRefGroup = 2488A8B41F735C03004B8060 /* Products */;
			projectDirPath = "";
			projectRoot = "";
			targets = (
				2488A8B21F735C03004B8060 /* AroundClient */,
				2488A8CB1F735C03004B8060 /* AroundClientTests */,
				2488A8D61F735C03004B8060 /* AroundClientUITests */,
			);
		};
/* End PBXProject section */

/* Begin PBXResourcesBuildPhase section */
		2488A8B11F735C03004B8060 /* Resources */ = {
			isa = PBXResourcesBuildPhase;
			buildActionMask = 2147483647;
			files = (
				2488A8C61F735C03004B8060 /* LaunchScreen.storyboard in Resources */,
				2488A8C31F735C03004B8060 /* Assets.xcassets in Resources */,
				2488A8C11F735C03004B8060 /* Main.storyboard in Resources */,
			);
			runOnlyForDeploymentPostprocessing = 0;
		};
		2488A8CA1F735C03004B8060 /* Resources */ = {
			isa = PBXResourcesBuildPhase;
			buildActionMask = 2147483647;
			files = (
			);
			runOnlyForDeploymentPostprocessing = 0;
		};
		2488A8D51F735C03004B8060 /* Resources */ = {
			isa = PBXResourcesBuildPhase;
			buildActionMask = 2147483647;
			files = (
			);
			runOnlyForDeploymentPostprocessing = 0;
		};
/* End PBXResourcesBuildPhase section */

/* Begin PBXSourcesBuildPhase section */
		2488A8AF1F735C03004B8060 /* Sources */ = {
			isa = PBXSourcesBuildPhase;
			buildActionMask = 2147483647;
			files = (
				2488A8BE1F735C03004B8060 /* ViewController.m in Sources */,
				2488A8BB1F735C03004B8060 /* AppDelegate.m in Sources */,
				2488A8B81F735C03004B8060 /* main.m in Sources */,
			);
			runOnlyForDeploymentPostprocessing = 0;
		};
		2488A8C81F735C03004B8060 /* Sources */ = {
			isa = PBXSourcesBuildPhase;
			buildActionMask = 2147483647;
			files = (
				2488A8D11F735C03004B8060 /* AroundClientTests.m in Sources */,
			);
			runOnlyForDeploymentPostprocessing = 0;
		};
		2488A8D31F735C03004B8060 /* Sources */ = {
			isa = PBXSourcesBuildPhase;
			buildActionMask = 2147483647;
			files = (
				2488A8DC1F735C03004B8060 /* AroundClientUITests.m in Sources */,
			);
			runOnlyForDeploymentPostprocessing = 0;
		};
/* End PBXSourcesBuildPhase section */

/* Begin PBXTargetDependency section */
		2488A8CE1F735C03004B8060 /* PBXTargetDependency */ = {
			isa = PBXTargetDependency;
			target = 2488A8B21F735C03004B8060 /* AroundClient */;
			targetProxy = 2488A8CD1F735C03004B8060 /* PBXContainerItemProxy */;
		};
		2488A8D91F735C03004B8060 /* PBXTargetDependency */ = {
			isa = PBXTargetDependency;
			target = 2488A8B21F735C03004B8060 /* AroundClient */;
			targetProxy = 2488A8D81F735C03004B8060 /* PBXContainerItemProxy */;
		};
/* End PBXTargetDependency section */

/* Begin PBXVariantGroup section */
		2488A8BF1F735C03004B8060 /* Main.storyboard */ = {
			isa = PBXVariantGroup;
			children = (
				2488A8C01F735C03004B8060 /* Base */,
			);
			name = Main.storyboard;
			sourceTree = "<group>";
		};
		2488A8C41F735C03004B8060 /* LaunchScreen.storyboard */ = {
			isa = PBXVariantGroup;
			children = (
				2488A8C51F735C03004B8060 /* Base */,
			);
			name = LaunchScreen.storyboard;
			sourceTree = "<group>";
		};
/* End PBXVariantGroup section */

/* Begin XCBuildConfiguration section */
		2488A8DE1F735C03004B8060 /* Debug */ = {
			isa = XCBuildConfiguration;
			buildSettings = {
				ALWAYS_SEARCH_USER_PATHS = NO;
				CLANG_ANALYZER_NONNULL = YES;
				CLANG_ANALYZER_NUMBER_OBJECT_CONVERSION = YES_AGGRESSIVE;
				CLANG_CXX_LANGUAGE_STANDARD = "gnu++0x";
				CLANG_CXX_LIBRARY = "libc++";
				CLANG_ENABLE_MODULES = YES;
				CLANG_ENABLE_OBJC_ARC = YES;
				CLANG_WARN_BOOL_CONVERSION = YES;
				CLANG_WARN_CONSTANT_CONVERSION = YES;
				CLANG_WARN_DIRECT_OBJC_ISA_USAGE = YES_ERROR;
				CLANG_WARN_DOCUMENTATION_COMMENTS = YES;
				CLANG_WARN_EMPTY_BODY = YES;
				CLANG_WARN_ENUM_CONVERSION = YES;
				CLANG_WARN_INFINITE_RECURSION = YES;
				CLANG_WARN_INT_CONVERSION = YES;
				CLANG_WARN_OBJC_ROOT_CLASS = YES_ERROR;
				CLANG_WARN_SUSPICIOUS_MOVE = YES;
				CLANG_WARN_UNREACHABLE_CODE = YES;
				CLANG_WARN__DUPLICATE_METHOD_MATCH = YES;
				"CODE_SIGN_IDENTITY[sdk=iphoneos*]" = "iPhone Developer";
				COPY_PHASE_STRIP = NO;
				DEBUG_INFORMATION_FORMAT = dwarf;
				ENABLE_STRICT_OBJC_MSGSEND = YES;
				ENABLE_TESTABILITY = YES;
				GCC_C_LANGUAGE_STANDARD = gnu99;
				GCC_DYNAMIC_NO_PIC = NO;
				GCC_NO_COMMON_BLOCKS = YES;
				GCC_OPTIMIZATION_LEVEL = 0;
				GCC_PREPROCESSOR_DEFINITIONS = (
					"DEBUG=1",
					"$(inherited)",
				);
				GCC_WARN_64_TO_32_BIT_CONVERSION = YES;
				GCC_WARN_ABOUT_RETURN_TYPE = YES_ERROR;
				GCC_WARN_UNDECLARED_SELECTOR = YES;
				GCC_WARN_UNINITIALIZED_AUTOS = YES_AGGRESSIVE;
				GCC_WARN_UNUSED_FUNCTION = YES;
				GCC_WARN_UNUSED_VARIABLE = YES;
				IPHONEOS_DEPLOYMENT_TARGET = 10.3;
				MTL_ENABLE_DEBUG_INFO = YES;
				ONLY_ACTIVE_ARCH = YES;
				SDKROOT = iphoneos;
				TARGETED_DEVICE_FAMILY = "1,2";
			};
			name = Debug;
		};
		2488A8DF1F735C03004B8060 /* Release */ = {
			isa = XCBuildConfiguration;
			buildSettings = {
				ALWAYS_SEARCH_USER_PATHS = NO;
				CLANG_ANALYZER_NONNULL = YES;
				CLANG_ANALYZER_NUMBER_OBJECT_CONVERSION = YES_AGGRESSIVE;
				CLANG_CXX_LANGUAGE_STANDARD = "gnu++0x";
				CLANG_CXX_LIBRARY = "libc++";
				CLANG_ENABLE_MODULES = YES;
				CLANG_ENABLE_OBJC_ARC = YES;
				CLANG_WARN_BOOL_CONVERSION = YES;
				CLANG_WARN_CONSTANT_CONVERSION = YES;
				CLANG_WARN_DIRECT_OBJC_ISA_USAGE = YES_ERROR;
				CLANG_WARN_DOCUMENTATION_COMMENTS = YES;
				CLANG_WARN_EMPTY_BODY = YES;
				CLANG_WARN_ENUM_CONVERSION = YES;
				CLANG_WARN_INFINITE_RECURSION = YES;
				CLANG_WARN_INT_CONVERSION = YES;
				CLANG_WARN_OBJC_ROOT_CLASS = YES_ERROR;
				CLANG_WARN_SUSPICIOUS_MOVE = YES;
				CLANG_WARN_UNREACHABLE_CODE = YES;
				CLANG_WARN__DUPLICATE_METHOD_MATCH = YES;
				"CODE_SIGN_IDENTITY[sdk=iphoneos*]" = "iPhone Developer";
				COPY_PHASE_STRIP = NO;
				DEBUG_INFORMATION_FORMAT = "dwarf-with-dsym";
				ENABLE_NS_ASSERTIONS = NO;
				ENABLE_STRICT_OBJC_MSGSEND = YES;
				GCC_C_LANGUAGE_STANDARD = gnu99;
				GCC_NO_COMMON_BLOCKS = YES;
				GCC_WARN_64_TO_32_BIT_CONVERSION = YES;
				GCC_WARN_ABOUT_RETURN_TYPE = YES_ERROR;
				GCC_WARN_UNDECLARED_SELECTOR = YES;
				GCC_WARN_UNINITIALIZED_AUTOS = YES_AGGRESSIVE;
				GCC_WARN_UNUSED_FUNCTION = YES;
				GCC_WARN_UNUSED_VARIABLE = YES;
				IPHONEOS_DEPLOYMENT_TARGET = 10.3;
				MTL_ENABLE_DEBUG_INFO = NO;
				SDKROOT = iphoneos;
				TARGETED_DEVICE_FAMILY = "1,2";
				VALIDATE_PRODUCT = YES;
			};
			name = Release;
		};
		2488A8E11F735C03004B8060 /* Debug */ = {
			isa = XCBuildConfiguration;
			buildSettings = {
				ASSETCATALOG_COMPILER_APPICON_NAME = AppIcon;
				DEVELOPMENT_TEAM = NNZU9CWR77;
				INFOPLIST_FILE = AroundClient/Info.plist;
				LD_RUNPATH_SEARCH_PATHS = "$(inherited) @executable_path/Frameworks";
				PRODUCT_BUNDLE_IDENTIFIER = com.around.AroundClient;
				PRODUCT_NAME = "$(TARGET_NAME)";
			};
			name = Debug;
		};
		2488A8E21F735C03004B8060 /* Release */ = {
			isa = XCBuildConfiguration;
			buildSettings = {
				ASSETCATALOG_COMPILER_APPICON_NAME = AppIcon;
				DEVELOPMENT_TEAM = NNZU9CWR77;
				INFOPLIST_FILE = AroundClient/Info.plist;
				LD_RUNPATH_SEARCH_PATHS = "$(inherited) @executable_path/Frameworks";
				PRODUCT_BUNDLE_IDENTIFIER = com.around.AroundClient;
				PRODUCT_NAME = "$(TARGET_NAME)";
			};
			name = Release;
		};
		2488A8E41F735C03004B8060 /* Debug */ = {
			isa = XCBuildConfiguration;
			buildSettings = {
				BUNDLE_LOADER = "$(TEST_HOST)";
				DEVELOPMENT_TEAM = NNZU9CWR77;
				INFOPLIST_FILE = AroundClientTests/Info.plist;
				LD_RUNPATH_SEARCH_PATHS = "$(inherited) @executable_path/Frameworks @loader_path/Frameworks";
				PRODUCT_BUNDLE_IDENTIFIER = com.around.AroundClientTests;
				PRODUCT_NAME = "$(TARGET_NAME)";
				TEST_HOST = "$(BUILT_PRODUCTS_DIR)/AroundClient.app/AroundClient";
			};
			name = Debug;
		};
		2488A8E51F735C03004B8060 /* Release */ = {
			isa = XCBuildConfiguration;
			buildSettings = {
				BUNDLE_LOADER = "$(TEST_HOST)";
				DEVELOPMENT_TEAM = NNZU9CWR77;
				INFOPLIST_FILE = AroundClientTests/Info.plist;
				LD_RUNPATH_SEARCH_PATHS = "$(inherited) @executable_path/Frameworks @loader_path/Frameworks";
				PRODUCT_BUNDLE_IDENTIFIER = com.around.AroundClientTests;
				PRODUCT_NAME = "$(TARGET_NAME)";
				TEST_HOST = "$(BUILT_PRODUCTS_DIR)/AroundClient.app/AroundClient";
			};
			name = Release;
		};
		2488A8E71F735C03004B8060 /* Debug */ = {
			isa = XCBuildConfiguration;
			buildSettings = {
				DEVELOPMENT_TEAM = NNZU9CWR77;
				INFOPLIST_FILE = AroundClientUITests/Info.plist;
				LD_RUNPATH_SEARCH_PATHS = "$(inherited) @executable_path/Frameworks @loader_path/Frameworks";
				PRODUCT_BUNDLE_IDENTIFIER = com.around.AroundClientUITests;
				PRODUCT_NAME = "$(TARGET_NAME)";
				TEST_TARGET_NAME = AroundClient;
			};
			name = Debug;
		};
		2488A8E81F735C03004B8060 /* Release */ = {
			isa = XCBuildConfiguration;
			buildSettings = {
				DEVELOPMENT_TEAM = NNZU9CWR77;
				INFOPLIST_FILE = AroundClientUITests/Info.plist;
				LD_RUNPATH_SEARCH_PATHS = "$(inherited) @executable_path/Frameworks @loader_path/Frameworks";
				PRODUCT_BUNDLE_IDENTIFIER = com.around.AroundClientUITests;
				PRODUCT_NAME = "$(TARGET_NAME)";
				TEST_TARGET_NAME = AroundClient;
			};
			name = Release;
		};
/* End XCBuildConfiguration section */

/* Begin XCConfigurationList section */
		2488A8AE1F735C03004B8060 /* Build configuration list for PBXProject "AroundClient" */ = {
			isa = XCConfigurationList;
			buildConfigurations = (
				2488A8DE1F735C03004B8060 /* Debug */,
				2488A8DF1F735C03004B8060 /* Release */,
			);
			defaultConfigurationIsVisible = 0;
			defaultConfigurationName = Release;
		};
		2488A8E01F735C03004B8060 /* Build configuration list for PBXNativeTarget "AroundClient" */ = {
			isa = XCConfigurationList;
			buildConfigurations = (
				2488A8E11F735C03004B8060 /* Debug */,
				2488A8E21F735C03004B8060 /* Release */,
			);
			defaultConfigurationIsVisible = 0;
		};
		2488A8E31F735C03004B8060 /* Build configuration list for PBXNativeTarget "AroundClientTests" */ = {
			isa = XCConfigurationList;
			buildConfigurations = (
				2488A8E41F735C03004B8060 /* Debug */,
				2488A8E51F735C03004B8060 /* Release */,
			);
			defaultConfigurationIsVisible = 0;
		};
		2488A8E61F735C03004B8060 /* Build configuration list for PBXNativeTarget "AroundClientUITests" */ = {
			isa = XCConfigurationList;
			buildConfigurations = (
				2488A8E71F735C03004B8060 /* Debug */,
				2488A8E81F735C03004B8060 /* Release */,
			);
			defaultConfigurationIsVisible = 0;
		};
/* End XCConfigurationList section */
	};
	rootObject = 2488A8AB1F735C03004B8060 /* Project object */;
}
